{
  "name": "Question_Bank",
  "lockfileVersion": 2,
  "requires": true,
  "packages": {
    "": {
      "dependencies": {
        "@fortawesome/fontawesome-svg-core": "^6.1.1",
        "@fortawesome/free-regular-svg-icons": "^6.1.1",
        "@fortawesome/free-solid-svg-icons": "^6.1.1",
        "@fortawesome/vue-fontawesome": "^2.0.6",
        "echarts": "^5.3.2",
        "uview-ui": "^2.0.30"
      }
    },
    "node_modules/@fortawesome/fontawesome-common-types": {
      "version": "6.1.1",
      "resolved": "https://registry.npmmirror.com/@fortawesome/fontawesome-common-types/-/fontawesome-common-types-6.1.1.tgz",
      "integrity": "sha512-wVn5WJPirFTnzN6tR95abCx+ocH+3IFLXAgyavnf9hUmN0CfWoDjPT/BAWsUVwSlYYVBeCLJxaqi7ZGe4uSjBA==",
      "engines": {
        "node": ">=6"
      }
    },
    "node_modules/@fortawesome/fontawesome-svg-core": {
      "version": "6.1.1",
      "resolved": "https://registry.npmmirror.com/@fortawesome/fontawesome-svg-core/-/fontawesome-svg-core-6.1.1.tgz",
      "integrity": "sha512-NCg0w2YIp81f4V6cMGD9iomfsIj7GWrqmsa0ZsPh59G7PKiGN1KymZNxmF00ssuAlo/VZmpK6xazsGOwzKYUMg==",
      "dependencies": {
        "@fortawesome/fontawesome-common-types": "6.1.1"
      },
      "engines": {
        "node": ">=6"
      }
    },
    "node_modules/@fortawesome/free-regular-svg-icons": {
      "version": "6.1.1",
      "resolved": "https://registry.npmmirror.com/@fortawesome/free-regular-svg-icons/-/free-regular-svg-icons-6.1.1.tgz",
      "integrity": "sha512-xXiW7hcpgwmWtndKPOzG+43fPH7ZjxOaoeyooptSztGmJxCAflHZxXNK0GcT0uEsR4jTGQAfGklDZE5NHoBhKg==",
      "dependencies": {
        "@fortawesome/fontawesome-common-types": "6.1.1"
      },
      "engines": {
        "node": ">=6"
      }
    },
    "node_modules/@fortawesome/free-solid-svg-icons": {
      "version": "6.1.1",
      "resolved": "https://registry.npmmirror.com/@fortawesome/free-solid-svg-icons/-/free-solid-svg-icons-6.1.1.tgz",
      "integrity": "sha512-0/5exxavOhI/D4Ovm2r3vxNojGZioPwmFrKg0ZUH69Q68uFhFPs6+dhAToh6VEQBntxPRYPuT5Cg1tpNa9JUPg==",
      "dependencies": {
        "@fortawesome/fontawesome-common-types": "6.1.1"
      },
      "engines": {
        "node": ">=6"
      }
    },
    "node_modules/@fortawesome/vue-fontawesome": {
      "version": "2.0.6",
      "resolved": "https://registry.npmmirror.com/@fortawesome/vue-fontawesome/-/vue-fontawesome-2.0.6.tgz",
      "integrity": "sha512-V3vT3flY15AKbUS31aZOP12awQI3aAzkr2B1KnqcHLmwrmy51DW3pwyBczKdypV8QxBZ8U68Hl2XxK2nudTxpg==",
      "peerDependencies": {
        "@fortawesome/fontawesome-svg-core": "~1 || >=1.3.0-beta1",
        "vue": "~2"
      }
    },
    "node_modules/echarts": {
      "version": "5.3.2",
      "resolved": "https://registry.npmmirror.com/echarts/-/echarts-5.3.2.tgz",
      "integrity": "sha512-LWCt7ohOKdJqyiBJ0OGBmE9szLdfA9sGcsMEi+GGoc6+Xo75C+BkcT/6NNGRHAWtnQl2fNow05AQjznpap28TQ==",
      "dependencies": {
        "tslib": "2.3.0",
        "zrender": "5.3.1"
      }
    },
    "node_modules/tslib": {
      "version": "2.3.0",
      "resolved": "https://registry.npmmirror.com/tslib/-/tslib-2.3.0.tgz",
      "integrity": "sha512-N82ooyxVNm6h1riLCoyS9e3fuJ3AMG2zIZs2Gd1ATcSFjSA23Q0fzjjZeh0jbJvWVDZ0cJT8yaNNaaXHzueNjg=="
    },
    "node_modules/uview-ui": {
      "version": "2.0.30",
      "resolved": "https://registry.npmmirror.com/uview-ui/-/uview-ui-2.0.30.tgz",
      "integrity": "sha512-hRl+QDh13O75c59Ddhbu8nifMRukUTEitjzFFo7eZqTwmAEZQ2J1+Fn5S4ZpwVyGupQLfvGbv8Q4ps4oyBGj+g==",
      "engines": {
        "HBuilderX": "^3.1.0"
      }
    },
    "node_modules/vue": {
      "version": "2.6.14",
      "resolved": "https://registry.npmmirror.com/vue/-/vue-2.6.14.tgz",
      "integrity": "sha512-x2284lgYvjOMj3Za7kqzRcUSxBboHqtgRE2zlos1qWaOye5yUmHn42LB1250NJBLRwEcdrB0JRwyPTEPhfQjiQ==",
      "peer": true
    },
    "node_modules/zrender": {
      "version": "5.3.1",
      "resolved": "https://registry.npmmirror.com/zrender/-/zrender-5.3.1.tgz",
      "integrity": "sha512-7olqIjy0gWfznKr6vgfnGBk7y4UtdMvdwFmK92vVQsQeDPyzkHW1OlrLEKg6GHz1W5ePf0FeN1q2vkl/HFqhXw==",
      "dependencies": {
        "tslib": "2.3.0"
      }
    }
  },
  "dependencies": {
    "@fortawesome/fontawesome-common-types": {
      "version": "6.1.1",
      "resolved": "https://registry.npmmirror.com/@fortawesome/fontawesome-common-types/-/fontawesome-common-types-6.1.1.tgz",
      "integrity": "sha512-wVn5WJPirFTnzN6tR95abCx+ocH+3IFLXAgyavnf9hUmN0CfWoDjPT/BAWsUVwSlYYVBeCLJxaqi7ZGe4uSjBA=="
    },
    "@fortawesome/fontawesome-svg-core": {
      "version": "6.1.1",
      "resolved": "https://registry.npmmirror.com/@fortawesome/fontawesome-svg-core/-/fontawesome-svg-core-6.1.1.tgz",
      "integrity": "sha512-NCg0w2YIp81f4V6cMGD9iomfsIj7GWrqmsa0ZsPh59G7PKiGN1KymZNxmF00ssuAlo/VZmpK6xazsGOwzKYUMg==",
      "requires": {
        "@fortawesome/fontawesome-common-types": "6.1.1"
      }
    },
    "@fortawesome/free-regular-svg-icons": {
      "version": "6.1.1",
      "resolved": "https://registry.npmmirror.com/@fortawesome/free-regular-svg-icons/-/free-regular-svg-icons-6.1.1.tgz",
      "integrity": "sha512-xXiW7hcpgwmWtndKPOzG+43fPH7ZjxOaoeyooptSztGmJxCAflHZxXNK0GcT0uEsR4jTGQAfGklDZE5NHoBhKg==",
      "requires": {
        "@fortawesome/fontawesome-common-types": "6.1.1"
      }
    },
    "@fortawesome/free-solid-svg-icons": {
      "version": "6.1.1",
      "resolved": "https://registry.npmmirror.com/@fortawesome/free-solid-svg-icons/-/free-solid-svg-icons-6.1.1.tgz",
      "integrity": "sha512-0/5exxavOhI/D4Ovm2r3vxNojGZioPwmFrKg0ZUH69Q68uFhFPs6+dhAToh6VEQBntxPRYPuT5Cg1tpNa9JUPg==",
      "requires": {
        "@fortawesome/fontawesome-common-types": "6.1.1"
      }
    },
    "@fortawesome/vue-fontawesome": {
      "version": "2.0.6",
      "resolved": "https://registry.npmmirror.com/@fortawesome/vue-fontawesome/-/vue-fontawesome-2.0.6.tgz",
      "integrity": "sha512-V3vT3flY15AKbUS31aZOP12awQI3aAzkr2B1KnqcHLmwrmy51DW3pwyBczKdypV8QxBZ8U68Hl2XxK2nudTxpg==",
      "requires": {}
    },
    "echarts": {
      "version": "5.3.2",
      "resolved": "https://registry.npmmirror.com/echarts/-/echarts-5.3.2.tgz",
      "integrity": "sha512-LWCt7ohOKdJqyiBJ0OGBmE9szLdfA9sGcsMEi+GGoc6+Xo75C+BkcT/6NNGRHAWtnQl2fNow05AQjznpap28TQ==",
      "requires": {
        "tslib": "2.3.0",
        "zrender": "5.3.1"
      }
    },
    "tslib": {
      "version": "2.3.0",
      "resolved": "https://registry.npmmirror.com/tslib/-/tslib-2.3.0.tgz",
      "integrity": "sha512-N82ooyxVNm6h1riLCoyS9e3fuJ3AMG2zIZs2Gd1ATcSFjSA23Q0fzjjZeh0jbJvWVDZ0cJT8yaNNaaXHzueNjg=="
    },
    "uview-ui": {
      "version": "2.0.30",
      "resolved": "https://registry.npmmirror.com/uview-ui/-/uview-ui-2.0.30.tgz",
      "integrity": "sha512-hRl+QDh13O75c59Ddhbu8nifMRukUTEitjzFFo7eZqTwmAEZQ2J1+Fn5S4ZpwVyGupQLfvGbv8Q4ps4oyBGj+g=="
    },
    "vue": {
      "version": "2.6.14",
      "resolved": "https://registry.npmmirror.com/vue/-/vue-2.6.14.tgz",
      "integrity": "sha512-x2284lgYvjOMj3Za7kqzRcUSxBboHqtgRE2zlos1qWaOye5yUmHn42LB1250NJBLRwEcdrB0JRwyPTEPhfQjiQ==",
      "peer": true
    },
    "zrender": {
      "version": "5.3.1",
      "resolved": "https://registry.npmmirror.com/zrender/-/zrender-5.3.1.tgz",
      "integrity": "sha512-7olqIjy0gWfznKr6vgfnGBk7y4UtdMvdwFmK92vVQsQeDPyzkHW1OlrLEKg6GHz1W5ePf0FeN1q2vkl/HFqhXw==",
      "requires": {
        "tslib": "2.3.0"
      }
    }
  }
}
